
Microsoft Visual Studio Solution File, Format Version 12.00
# Visual Studio Version 17
VisualStudioVersion = 17.11.35327.3
MinimumVisualStudioVersion = 10.0.40219.1
Project("{FAE04EC0-301F-11D3-BF4B-00C04F79EFBC}") = "BookReviewApp", "BookReviewApp\BookReviewApp.csproj", "{9927B9B8-5B79-43AB-8154-790EEFEEB1DC}"
EndProject
Global
	GlobalSection(SolutionConfigurationPlatforms) = preSolution
		Debug|Any CPU = Debug|Any CPU
		Release|Any CPU = Release|Any CPU
	EndGlobalSection
	GlobalSection(ProjectConfigurationPlatforms) = postSolution
		{9927B9B8-5B79-43AB-8154-790EEFEEB1DC}.Debug|Any CPU.ActiveCfg = Debug|Any CPU
		{9927B9B8-5B79-43AB-8154-790EEFEEB1DC}.Debug|Any CPU.Build.0 = Debug|Any CPU
		{9927B9B8-5B79-43AB-8154-790EEFEEB1DC}.Release|Any CPU.ActiveCfg = Release|Any CPU
		{9927B9B8-5B79-43AB-8154-790EEFEEB1DC}.Release|Any CPU.Build.0 = Release|Any CPU
	EndGlobalSection
	GlobalSection(SolutionProperties) = preSolution
		HideSolutionNode = FALSE
	EndGlobalSection
	GlobalSection(ExtensibilityGlobals) = postSolution
		SolutionGuid = {58728672-FA67-45DF-9341-77D586F06335}
	EndGlobalSection
EndGlobal
